PODS:
  - CCHMapClusterController (1.7.0)
  - GCDWebServer (3.3.3):
    - GCDWebServer/Core (= 3.3.3)
  - GCDWebServer/Core (3.3.3)

DEPENDENCIES:
  - CCHMapClusterController
  - GCDWebServer

SPEC CHECKSUMS:
  CCHMapClusterController: d8cd12cd5682ec6cd76d911ac7198f981b6cc1b8
  GCDWebServer: 1c39a1f0763e4eb492bee021e4270fce097d3555

PODFILE CHECKSUM: 5fada1c7c968a064ce4f210f243c6bfcd4d4ae07

COCOAPODS: 1.0.1
